Microsoft Visual Studio Solution File, Format Version 12.00
# Visual Studio Version 17
VisualStudioVersion = 17.5.2.0
MinimumVisualStudioVersion = 10.0.40219.1
Project("{FAE04EC0-301F-11D3-BF4B-00C04F79EFBC}") = "Tsena-Antananarivo.NET", "Tsena-Antananarivo.NET.csproj", "{22D6D1F5-4228-FB16-8599-698F06B5A13A}"
EndProject
Global
	GlobalSection(SolutionConfigurationPlatforms) = preSolution
		Debug|Any CPU = Debug|Any CPU
		Release|Any CPU = Release|Any CPU
	EndGlobalSection
	GlobalSection(ProjectConfigurationPlatforms) = postSolution
		{22D6D1F5-4228-FB16-8599-698F06B5A13A}.Debug|Any CPU.ActiveCfg = Debug|Any CPU
		{22D6D1F5-4228-FB16-8599-698F06B5A13A}.Debug|Any CPU.Build.0 = Debug|Any CPU
		{22D6D1F5-4228-FB16-8599-698F06B5A13A}.Release|Any CPU.ActiveCfg = Release|Any CPU
		{22D6D1F5-4228-FB16-8599-698F06B5A13A}.Release|Any CPU.Build.0 = Release|Any CPU
	EndGlobalSection
	GlobalSection(SolutionProperties) = preSolution
		HideSolutionNode = FALSE
	EndGlobalSection
	GlobalSection(ExtensibilityGlobals) = postSolution
		SolutionGuid = {888A2601-2E66-4DD1-9892-A51B8F7B27E2}
	EndGlobalSection
EndGlobal
